
Microsoft Visual Studio Solution File, Format Version 12.00
# Visual Studio Version 16
VisualStudioVersion = 16.0.31112.23
MinimumVisualStudioVersion = 10.0.40219.1
Project("{FAE04EC0-301F-11D3-BF4B-00C04F79EFBC}") = "BookingApp", "BookingApp.csproj", "{7C1B3A23-53EC-4217-B145-85FBCB77950D}"
EndProject
Global
	GlobalSection(SolutionConfigurationPlatforms) = preSolution
		Debug|Any CPU = Debug|Any CPU
		Release|Any CPU = Release|Any CPU
	EndGlobalSection
	GlobalSection(ProjectConfigurationPlatforms) = postSolution
		{7C1B3A23-53EC-4217-B145-85FBCB77950D}.Debug|Any CPU.ActiveCfg = Debug|Any CPU
		{7C1B3A23-53EC-4217-B145-85FBCB77950D}.Debug|Any CPU.Build.0 = Debug|Any CPU
		{7C1B3A23-53EC-4217-B145-85FBCB77950D}.Release|Any CPU.ActiveCfg = Release|Any CPU
		{7C1B3A23-53EC-4217-B145-85FBCB77950D}.Release|Any CPU.Build.0 = Release|Any CPU
	EndGlobalSection
	GlobalSection(SolutionProperties) = preSolution
		HideSolutionNode = FALSE
	EndGlobalSection
	GlobalSection(ExtensibilityGlobals) = postSolution
		SolutionGuid = {BABF90DD-709A-447A-81AA-82A8CB2F48EA}
	EndGlobalSection
EndGlobal
